
Microsoft Visual Studio Solution File, Format Version 12.00
# Visual Studio Version 17
VisualStudioVersion = 17.7.34024.191
MinimumVisualStudioVersion = 10.0.40219.1
Project("{FAE04EC0-301F-11D3-BF4B-00C04F79EFBC}") = "lab04", "lab04.csproj", "{64C217CC-FBC2-42A8-8FF5-8B2BA573BE7F}"
EndProject
Global
	GlobalSection(SolutionConfigurationPlatforms) = preSolution
		Debug|Any CPU = Debug|Any CPU
		Release|Any CPU = Release|Any CPU
	EndGlobalSection
	GlobalSection(ProjectConfigurationPlatforms) = postSolution
		{64C217CC-FBC2-42A8-8FF5-8B2BA573BE7F}.Debug|Any CPU.ActiveCfg = Debug|Any CPU
		{64C217CC-FBC2-42A8-8FF5-8B2BA573BE7F}.Debug|Any CPU.Build.0 = Debug|Any CPU
		{64C217CC-FBC2-42A8-8FF5-8B2BA573BE7F}.Release|Any CPU.ActiveCfg = Release|Any CPU
		{64C217CC-FBC2-42A8-8FF5-8B2BA573BE7F}.Release|Any CPU.Build.0 = Release|Any CPU
	EndGlobalSection
	GlobalSection(SolutionProperties) = preSolution
		HideSolutionNode = FALSE
	EndGlobalSection
	GlobalSection(ExtensibilityGlobals) = postSolution
		SolutionGuid = {4A088C18-5A6C-4D29-99AD-7EA7E16B08B6}
	EndGlobalSection
EndGlobal
