
Microsoft Visual Studio Solution File, Format Version 12.00
# Visual Studio Version 17
VisualStudioVersion = 17.7.34024.191
MinimumVisualStudioVersion = 10.0.40219.1
Project("{FAE04EC0-301F-11D3-BF4B-00C04F79EFBC}") = "lab06", "lab06.csproj", "{B3FAB305-7B56-41A7-A6D6-114F50DDB22A}"
EndProject
Global
	GlobalSection(SolutionConfigurationPlatforms) = preSolution
		Debug|Any CPU = Debug|Any CPU
		Release|Any CPU = Release|Any CPU
	EndGlobalSection
	GlobalSection(ProjectConfigurationPlatforms) = postSolution
		{B3FAB305-7B56-41A7-A6D6-114F50DDB22A}.Debug|Any CPU.ActiveCfg = Debug|Any CPU
		{B3FAB305-7B56-41A7-A6D6-114F50DDB22A}.Debug|Any CPU.Build.0 = Debug|Any CPU
		{B3FAB305-7B56-41A7-A6D6-114F50DDB22A}.Release|Any CPU.ActiveCfg = Release|Any CPU
		{B3FAB305-7B56-41A7-A6D6-114F50DDB22A}.Release|Any CPU.Build.0 = Release|Any CPU
	EndGlobalSection
	GlobalSection(SolutionProperties) = preSolution
		HideSolutionNode = FALSE
	EndGlobalSection
	GlobalSection(ExtensibilityGlobals) = postSolution
		SolutionGuid = {4E9E9487-E97A-4FF1-AB88-5F8DC8C56439}
	EndGlobalSection
EndGlobal
